
Microsoft Visual Studio Solution File, Format Version 12.00
# Visual Studio Version 16
VisualStudioVersion = 16.0.32407.337
MinimumVisualStudioVersion = 10.0.40219.1
Project("{FAE04EC0-301F-11D3-BF4B-00C04F79EFBC}") = "NurseryManagementSystem", "NurseryManagementSystem\NurseryManagementSystem.csproj", "{3731D023-1607-4295-9EAC-3E2D7240CFB7}"
EndProject
Global
	GlobalSection(SolutionConfigurationPlatforms) = preSolution
		Debug|Any CPU = Debug|Any CPU
		Release|Any CPU = Release|Any CPU
	EndGlobalSection
	GlobalSection(ProjectConfigurationPlatforms) = postSolution
		{3731D023-1607-4295-9EAC-3E2D7240CFB7}.Debug|Any CPU.ActiveCfg = Debug|Any CPU
		{3731D023-1607-4295-9EAC-3E2D7240CFB7}.Debug|Any CPU.Build.0 = Debug|Any CPU
		{3731D023-1607-4295-9EAC-3E2D7240CFB7}.Release|Any CPU.ActiveCfg = Release|Any CPU
		{3731D023-1607-4295-9EAC-3E2D7240CFB7}.Release|Any CPU.Build.0 = Release|Any CPU
	EndGlobalSection
	GlobalSection(SolutionProperties) = preSolution
		HideSolutionNode = FALSE
	EndGlobalSection
	GlobalSection(ExtensibilityGlobals) = postSolution
		SolutionGuid = {9B720CF6-164F-48AF-983B-1C28A25E161E}
	EndGlobalSection
EndGlobal
